
Microsoft Visual Studio Solution File, Format Version 12.00
# Visual Studio 15
VisualStudioVersion = 15.0.28307.1738
MinimumVisualStudioVersion = 10.0.40219.1
Project("{FAE04EC0-301F-11D3-BF4B-00C04F79EFBC}") = "实验一", "实验一\实验一.csproj", "{D3B69104-8296-40F4-9F80-897CEAA6D220}"
EndProject
Global
	GlobalSection(SolutionConfigurationPlatforms) = preSolution
		Debug|Any CPU = Debug|Any CPU
		Release|Any CPU = Release|Any CPU
	EndGlobalSection
	GlobalSection(ProjectConfigurationPlatforms) = postSolution
		{D3B69104-8296-40F4-9F80-897CEAA6D220}.Debug|Any CPU.ActiveCfg = Debug|Any CPU
		{D3B69104-8296-40F4-9F80-897CEAA6D220}.Debug|Any CPU.Build.0 = Debug|Any CPU
		{D3B69104-8296-40F4-9F80-897CEAA6D220}.Release|Any CPU.ActiveCfg = Release|Any CPU
		{D3B69104-8296-40F4-9F80-897CEAA6D220}.Release|Any CPU.Build.0 = Release|Any CPU
	EndGlobalSection
	GlobalSection(SolutionProperties) = preSolution
		HideSolutionNode = FALSE
	EndGlobalSection
	GlobalSection(ExtensibilityGlobals) = postSolution
		SolutionGuid = {53C2BE30-FD9D-48F6-8AEA-6928809A73DD}
	EndGlobalSection
EndGlobal
